
Microsoft Visual Studio Solution File, Format Version 12.00
# Visual Studio 14
VisualStudioVersion = 14.0.25420.1
MinimumVisualStudioVersion = 10.0.40219.1
Project("{FAE04EC0-301F-11D3-BF4B-00C04F79EFBC}") = "sandbox.tools", "sandbox.tools\sandbox.tools.csproj", "{02E40DFA-4231-4C65-B87C-7CBD61839246}"
EndProject
Project("{FAE04EC0-301F-11D3-BF4B-00C04F79EFBC}") = "sandbox", "sandbox\sandbox.csproj", "{00B83CB9-61AD-4022-A951-0CBFC34F4C99}"
EndProject
Global
	GlobalSection(SolutionConfigurationPlatforms) = preSolution
		Debug|Any CPU = Debug|Any CPU
		Release|Any CPU = Release|Any CPU
	EndGlobalSection
	GlobalSection(ProjectConfigurationPlatforms) = postSolution
		{02E40DFA-4231-4C65-B87C-7CBD61839246}.Debug|Any CPU.ActiveCfg = Debug|Any CPU
		{02E40DFA-4231-4C65-B87C-7CBD61839246}.Debug|Any CPU.Build.0 = Debug|Any CPU
		{02E40DFA-4231-4C65-B87C-7CBD61839246}.Release|Any CPU.ActiveCfg = Release|Any CPU
		{02E40DFA-4231-4C65-B87C-7CBD61839246}.Release|Any CPU.Build.0 = Release|Any CPU
		{00B83CB9-61AD-4022-A951-0CBFC34F4C99}.Debug|Any CPU.ActiveCfg = Debug|Any CPU
		{00B83CB9-61AD-4022-A951-0CBFC34F4C99}.Debug|Any CPU.Build.0 = Debug|Any CPU
		{00B83CB9-61AD-4022-A951-0CBFC34F4C99}.Release|Any CPU.ActiveCfg = Release|Any CPU
		{00B83CB9-61AD-4022-A951-0CBFC34F4C99}.Release|Any CPU.Build.0 = Release|Any CPU
	EndGlobalSection
	GlobalSection(SolutionProperties) = preSolution
		HideSolutionNode = FALSE
	EndGlobalSection
EndGlobal
