
Microsoft Visual Studio Solution File, Format Version 12.00
# Visual Studio 15
VisualStudioVersion = 15.0.25914.0
MinimumVisualStudioVersion = 10.0.40219.1
Project("{FAE04EC0-301F-11D3-BF4B-00C04F79EFBC}") = "sandbox", "sandbox\sandbox.csproj", "{00B83CB9-61AD-4022-A951-0CBFC34F4C99}"
EndProject
Project("{FAE04EC0-301F-11D3-BF4B-00C04F79EFBC}") = "sandbox.entity", "sandbox.entity\sandbox.entity.csproj", "{4907EE3D-FF02-4959-A09F-7C6CD9E23CF3}"
EndProject
Project("{888888A0-9F3D-457C-B088-3A5042F75D52}") = "sandbox.python", "sandbox.python\sandbox.python.pyproj", "{906C6FF2-1106-4DCB-9A50-1CC89D07B455}"
EndProject
Project("{FAE04EC0-301F-11D3-BF4B-00C04F79EFBC}") = "sandbox.netcore", "sandbox.netcore\sandbox.netcore.csproj", "{780BEEFE-3381-492D-80D0-66176356C989}"
EndProject
Project("{FAE04EC0-301F-11D3-BF4B-00C04F79EFBC}") = "sandbox.common", "sandbox.common\sandbox.common.csproj", "{94E0DCEA-902F-4978-A373-D122B2B37BE9}"
EndProject
Project("{FAE04EC0-301F-11D3-BF4B-00C04F79EFBC}") = "sandbox.common.tests", "sandbox.common.tests\sandbox.common.tests.csproj", "{6854281B-15B5-4CD9-875A-6CBDC00C167D}"
EndProject
Project("{9A19103F-16F7-4668-BE54-9A1E7A4F7556}") = "sandbox.common.core", "sandbox.common\sandbox.common.core.csproj", "{71DBD5F7-62B4-4B6D-8298-BCD0034CA79C}"
EndProject
Global
	GlobalSection(SolutionConfigurationPlatforms) = preSolution
		Debug|Any CPU = Debug|Any CPU
		Release|Any CPU = Release|Any CPU
	EndGlobalSection
	GlobalSection(ProjectConfigurationPlatforms) = postSolution
		{00B83CB9-61AD-4022-A951-0CBFC34F4C99}.Debug|Any CPU.ActiveCfg = Debug|Any CPU
		{00B83CB9-61AD-4022-A951-0CBFC34F4C99}.Debug|Any CPU.Build.0 = Debug|Any CPU
		{00B83CB9-61AD-4022-A951-0CBFC34F4C99}.Release|Any CPU.ActiveCfg = Release|Any CPU
		{00B83CB9-61AD-4022-A951-0CBFC34F4C99}.Release|Any CPU.Build.0 = Release|Any CPU
		{4907EE3D-FF02-4959-A09F-7C6CD9E23CF3}.Debug|Any CPU.ActiveCfg = Debug|Any CPU
		{4907EE3D-FF02-4959-A09F-7C6CD9E23CF3}.Debug|Any CPU.Build.0 = Debug|Any CPU
		{4907EE3D-FF02-4959-A09F-7C6CD9E23CF3}.Release|Any CPU.ActiveCfg = Release|Any CPU
		{4907EE3D-FF02-4959-A09F-7C6CD9E23CF3}.Release|Any CPU.Build.0 = Release|Any CPU
		{906C6FF2-1106-4DCB-9A50-1CC89D07B455}.Debug|Any CPU.ActiveCfg = Debug|Any CPU
		{906C6FF2-1106-4DCB-9A50-1CC89D07B455}.Release|Any CPU.ActiveCfg = Release|Any CPU
		{780BEEFE-3381-492D-80D0-66176356C989}.Debug|Any CPU.ActiveCfg = Debug|Any CPU
		{780BEEFE-3381-492D-80D0-66176356C989}.Debug|Any CPU.Build.0 = Debug|Any CPU
		{780BEEFE-3381-492D-80D0-66176356C989}.Release|Any CPU.ActiveCfg = Release|Any CPU
		{780BEEFE-3381-492D-80D0-66176356C989}.Release|Any CPU.Build.0 = Release|Any CPU
		{94E0DCEA-902F-4978-A373-D122B2B37BE9}.Debug|Any CPU.ActiveCfg = Debug|Any CPU
		{94E0DCEA-902F-4978-A373-D122B2B37BE9}.Debug|Any CPU.Build.0 = Debug|Any CPU
		{94E0DCEA-902F-4978-A373-D122B2B37BE9}.Release|Any CPU.ActiveCfg = Release|Any CPU
		{94E0DCEA-902F-4978-A373-D122B2B37BE9}.Release|Any CPU.Build.0 = Release|Any CPU
		{6854281B-15B5-4CD9-875A-6CBDC00C167D}.Debug|Any CPU.ActiveCfg = Debug|Any CPU
		{6854281B-15B5-4CD9-875A-6CBDC00C167D}.Debug|Any CPU.Build.0 = Debug|Any CPU
		{6854281B-15B5-4CD9-875A-6CBDC00C167D}.Release|Any CPU.ActiveCfg = Release|Any CPU
		{6854281B-15B5-4CD9-875A-6CBDC00C167D}.Release|Any CPU.Build.0 = Release|Any CPU
		{71DBD5F7-62B4-4B6D-8298-BCD0034CA79C}.Debug|Any CPU.ActiveCfg = Debug|Any CPU
		{71DBD5F7-62B4-4B6D-8298-BCD0034CA79C}.Debug|Any CPU.Build.0 = Debug|Any CPU
		{71DBD5F7-62B4-4B6D-8298-BCD0034CA79C}.Release|Any CPU.ActiveCfg = Release|Any CPU
		{71DBD5F7-62B4-4B6D-8298-BCD0034CA79C}.Release|Any CPU.Build.0 = Release|Any CPU
	EndGlobalSection
	GlobalSection(SolutionProperties) = preSolution
		HideSolutionNode = FALSE
	EndGlobalSection
EndGlobal
